Microsoft Visual Studio Solution File, Format Version 11.00
# Visual Studio 2008

Project("{E955E928-2E98-2C16-7539-2824C55C544F}") = "CharacterController2D-master", "Assembly-CSharp.csproj", "{B68192EE-5337-3A21-D331-E994B667C073}"
EndProject
Global
	GlobalSection(SolutionConfigurationPlatforms) = preSolution
		Debug|Any CPU = Debug|Any CPU
		Release|Any CPU = Release|Any CPU
	EndGlobalSection
	GlobalSection(ProjectConfigurationPlatforms) = postSolution
		{B68192EE-5337-3A21-D331-E994B667C073}.Debug|Any CPU.ActiveCfg = Debug|Any CPU
		{B68192EE-5337-3A21-D331-E994B667C073}.Debug|Any CPU.Build.0 = Debug|Any CPU
		{B68192EE-5337-3A21-D331-E994B667C073}.Release|Any CPU.ActiveCfg = Release|Any CPU
		{B68192EE-5337-3A21-D331-E994B667C073}.Release|Any CPU.Build.0 = Release|Any CPU
	EndGlobalSection
	GlobalSection(SolutionProperties) = preSolution
		HideSolutionNode = FALSE
	EndGlobalSection
																																	GlobalSection(MonoDevelopProperties) = preSolution
		StartupItem = Assembly-CSharp.csproj
		Policies = $0
		$0.TextStylePolicy = $1
		$1.inheritsSet = null
		$1.scope = text/x-csharp
		$0.CSharpFormattingPolicy = $2
		$2.inheritsSet = Mono
		$2.inheritsScope = text/x-csharp
		$2.scope = text/x-csharp
		$0.TextStylePolicy = $3
		$3.FileWidth = 120
		$3.TabWidth = 4
		$3.IndentWidth = 4
		$3.EolMarker = Unix
		$3.inheritsSet = Mono
		$3.inheritsScope = text/plain
		$3.scope = text/plain
	EndGlobalSection

EndGlobal
